
Microsoft Visual Studio Solution File, Format Version 12.00
# Visual Studio Version 16
VisualStudioVersion = 16.0.31605.320
MinimumVisualStudioVersion = 10.0.40219.1
Project("{8BC9CEB8-8B4A-11D0-8D11-00A0C91BC942}") = "SystemC JK-Trigger", "SystemC JK-Trigger\SystemC JK-Trigger.vcxproj", "{1A2AD473-EBFA-43F6-8AC5-2B2A8D78D507}"
EndProject
Project("{8BC9CEB8-8B4A-11D0-8D11-00A0C91BC942}") = "SystemC Two-bit Counter", "SystemC Two-bit Counter\SystemC Two-bit Counter.vcxproj", "{11FBBF02-4825-4D6E-9A06-205E08BB8C34}"
EndProject
Global
	GlobalSection(SolutionConfigurationPlatforms) = preSolution
		Debug|x64 = Debug|x64
		Debug|x86 = Debug|x86
		Release|x64 = Release|x64
		Release|x86 = Release|x86
		SystemC Project|x64 = SystemC Project|x64
		SystemC Project|x86 = SystemC Project|x86
	EndGlobalSection
	GlobalSection(ProjectConfigurationPlatforms) = postSolution
		{1A2AD473-EBFA-43F6-8AC5-2B2A8D78D507}.Debug|x64.ActiveCfg = Debug|x64
		{1A2AD473-EBFA-43F6-8AC5-2B2A8D78D507}.Debug|x64.Build.0 = Debug|x64
		{1A2AD473-EBFA-43F6-8AC5-2B2A8D78D507}.Debug|x86.ActiveCfg = Debug|Win32
		{1A2AD473-EBFA-43F6-8AC5-2B2A8D78D507}.Debug|x86.Build.0 = Debug|Win32
		{1A2AD473-EBFA-43F6-8AC5-2B2A8D78D507}.Release|x64.ActiveCfg = Release|x64
		{1A2AD473-EBFA-43F6-8AC5-2B2A8D78D507}.Release|x64.Build.0 = Release|x64
		{1A2AD473-EBFA-43F6-8AC5-2B2A8D78D507}.Release|x86.ActiveCfg = Release|Win32
		{1A2AD473-EBFA-43F6-8AC5-2B2A8D78D507}.Release|x86.Build.0 = Release|Win32
		{1A2AD473-EBFA-43F6-8AC5-2B2A8D78D507}.SystemC Project|x64.ActiveCfg = SystemC Project|x64
		{1A2AD473-EBFA-43F6-8AC5-2B2A8D78D507}.SystemC Project|x64.Build.0 = SystemC Project|x64
		{1A2AD473-EBFA-43F6-8AC5-2B2A8D78D507}.SystemC Project|x86.ActiveCfg = SystemC Project|Win32
		{1A2AD473-EBFA-43F6-8AC5-2B2A8D78D507}.SystemC Project|x86.Build.0 = SystemC Project|Win32
		{11FBBF02-4825-4D6E-9A06-205E08BB8C34}.Debug|x64.ActiveCfg = Debug|x64
		{11FBBF02-4825-4D6E-9A06-205E08BB8C34}.Debug|x64.Build.0 = Debug|x64
		{11FBBF02-4825-4D6E-9A06-205E08BB8C34}.Debug|x86.ActiveCfg = Debug|Win32
		{11FBBF02-4825-4D6E-9A06-205E08BB8C34}.Debug|x86.Build.0 = Debug|Win32
		{11FBBF02-4825-4D6E-9A06-205E08BB8C34}.Release|x64.ActiveCfg = Release|x64
		{11FBBF02-4825-4D6E-9A06-205E08BB8C34}.Release|x64.Build.0 = Release|x64
		{11FBBF02-4825-4D6E-9A06-205E08BB8C34}.Release|x86.ActiveCfg = Release|Win32
		{11FBBF02-4825-4D6E-9A06-205E08BB8C34}.Release|x86.Build.0 = Release|Win32
		{11FBBF02-4825-4D6E-9A06-205E08BB8C34}.SystemC Project|x64.ActiveCfg = Debug|x64
		{11FBBF02-4825-4D6E-9A06-205E08BB8C34}.SystemC Project|x64.Build.0 = Debug|x64
		{11FBBF02-4825-4D6E-9A06-205E08BB8C34}.SystemC Project|x86.ActiveCfg = Debug|Win32
		{11FBBF02-4825-4D6E-9A06-205E08BB8C34}.SystemC Project|x86.Build.0 = Debug|Win32
	EndGlobalSection
	GlobalSection(SolutionProperties) = preSolution
		HideSolutionNode = FALSE
	EndGlobalSection
	GlobalSection(ExtensibilityGlobals) = postSolution
		SolutionGuid = {03404289-8466-4D58-A552-AF1B60770DD9}
	EndGlobalSection
EndGlobal
